
Microsoft Visual Studio Solution File, Format Version 12.00
# Visual Studio Version 16
VisualStudioVersion = 16.0.31702.278
MinimumVisualStudioVersion = 10.0.40219.1
Project("{FAE04EC0-301F-11D3-BF4B-00C04F79EFBC}") = "Inheritance", "Inheritance\Inheritance.csproj", "{187B325D-678D-4F21-8D00-6F39083A0549}"
EndProject
Project("{FAE04EC0-301F-11D3-BF4B-00C04F79EFBC}") = "Polymorphism", "Polymorphism\Polymorphism.csproj", "{0566F96D-F61E-4EFF-8C93-E02C42DF691E}"
EndProject
Project("{FAE04EC0-301F-11D3-BF4B-00C04F79EFBC}") = "Encapsulation", "Encapsulation\Encapsulation.csproj", "{71462E6D-7B83-4499-B4D9-5B512C54858B}"
EndProject
Global
	GlobalSection(SolutionConfigurationPlatforms) = preSolution
		Debug|Any CPU = Debug|Any CPU
		Release|Any CPU = Release|Any CPU
	EndGlobalSection
	GlobalSection(ProjectConfigurationPlatforms) = postSolution
		{187B325D-678D-4F21-8D00-6F39083A0549}.Debug|Any CPU.ActiveCfg = Debug|Any CPU
		{187B325D-678D-4F21-8D00-6F39083A0549}.Debug|Any CPU.Build.0 = Debug|Any CPU
		{187B325D-678D-4F21-8D00-6F39083A0549}.Release|Any CPU.ActiveCfg = Release|Any CPU
		{187B325D-678D-4F21-8D00-6F39083A0549}.Release|Any CPU.Build.0 = Release|Any CPU
		{0566F96D-F61E-4EFF-8C93-E02C42DF691E}.Debug|Any CPU.ActiveCfg = Debug|Any CPU
		{0566F96D-F61E-4EFF-8C93-E02C42DF691E}.Debug|Any CPU.Build.0 = Debug|Any CPU
		{0566F96D-F61E-4EFF-8C93-E02C42DF691E}.Release|Any CPU.ActiveCfg = Release|Any CPU
		{0566F96D-F61E-4EFF-8C93-E02C42DF691E}.Release|Any CPU.Build.0 = Release|Any CPU
		{71462E6D-7B83-4499-B4D9-5B512C54858B}.Debug|Any CPU.ActiveCfg = Debug|Any CPU
		{71462E6D-7B83-4499-B4D9-5B512C54858B}.Debug|Any CPU.Build.0 = Debug|Any CPU
		{71462E6D-7B83-4499-B4D9-5B512C54858B}.Release|Any CPU.ActiveCfg = Release|Any CPU
		{71462E6D-7B83-4499-B4D9-5B512C54858B}.Release|Any CPU.Build.0 = Release|Any CPU
	EndGlobalSection
	GlobalSection(SolutionProperties) = preSolution
		HideSolutionNode = FALSE
	EndGlobalSection
	GlobalSection(ExtensibilityGlobals) = postSolution
		SolutionGuid = {FC1D7D76-4938-42C4-81D0-7EB5D9C0DA72}
	EndGlobalSection
EndGlobal
